
Microsoft Visual Studio Solution File, Format Version 12.00
# Visual Studio 14
VisualStudioVersion = 14.0.25420.1
MinimumVisualStudioVersion = 10.0.40219.1
Project("{2150E333-8FDC-42A3-9474-1A3956D46DE8}") = "src", "src", "{63423188-FB10-4C8D-9585-735206E6F119}"
EndProject
Project("{2150E333-8FDC-42A3-9474-1A3956D46DE8}") = "Solution Items", "Solution Items", "{2DCEDE41-6C31-4FF5-9585-B8834AE582F5}"
	ProjectSection(SolutionItems) = preProject
		global.json = global.json
	EndProjectSection
EndProject
Project("{8BB2217D-0F2D-49D1-97BC-3654ED321F3B}") = "PullReqDashboard.API", "src\PullReqDashboard.API\PullReqDashboard.API.xproj", "{4DB830FF-F8E9-4932-AF87-31EE9F625619}"
EndProject
Global
	GlobalSection(SolutionConfigurationPlatforms) = preSolution
		Debug|Any CPU = Debug|Any CPU
		Release|Any CPU = Release|Any CPU
	EndGlobalSection
	GlobalSection(ProjectConfigurationPlatforms) = postSolution
		{4DB830FF-F8E9-4932-AF87-31EE9F625619}.Debug|Any CPU.ActiveCfg = Debug|Any CPU
		{4DB830FF-F8E9-4932-AF87-31EE9F625619}.Debug|Any CPU.Build.0 = Debug|Any CPU
		{4DB830FF-F8E9-4932-AF87-31EE9F625619}.Release|Any CPU.ActiveCfg = Release|Any CPU
		{4DB830FF-F8E9-4932-AF87-31EE9F625619}.Release|Any CPU.Build.0 = Release|Any CPU
	EndGlobalSection
	GlobalSection(SolutionProperties) = preSolution
		HideSolutionNode = FALSE
	EndGlobalSection
	GlobalSection(NestedProjects) = preSolution
		{4DB830FF-F8E9-4932-AF87-31EE9F625619} = {63423188-FB10-4C8D-9585-735206E6F119}
	EndGlobalSection
EndGlobal
