
Microsoft Visual Studio Solution File, Format Version 12.00
# Visual Studio 15
VisualStudioVersion = 15.0.26730.16
MinimumVisualStudioVersion = 10.0.40219.1
Project("{2150E333-8FDC-42A3-9474-1A3956D46DE8}") = "src", "src", "{4E15EA8D-D8FE-440F-8309-977344BC54F1}"
	ProjectSection(SolutionItems) = preProject
		NuGet.config = NuGet.config
	EndProjectSection
EndProject
Project("{2150E333-8FDC-42A3-9474-1A3956D46DE8}") = "Solution Items", "Solution Items", "{A565F8C9-41AE-4EE2-B3A3-14123F57B009}"
EndProject
Project("{9A19103F-16F7-4668-BE54-9A1E7A4F7556}") = "PullReqDashboard.API", "src\PullReqDashboard.API\PullReqDashboard.API.csproj", "{0887F8F7-A7D5-46C9-88FB-CCD541F982F0}"
EndProject
Global
	GlobalSection(SolutionConfigurationPlatforms) = preSolution
		Debug|Any CPU = Debug|Any CPU
		Release|Any CPU = Release|Any CPU
	EndGlobalSection
	GlobalSection(ProjectConfigurationPlatforms) = postSolution
		{0887F8F7-A7D5-46C9-88FB-CCD541F982F0}.Debug|Any CPU.ActiveCfg = Debug|Any CPU
		{0887F8F7-A7D5-46C9-88FB-CCD541F982F0}.Debug|Any CPU.Build.0 = Debug|Any CPU
		{0887F8F7-A7D5-46C9-88FB-CCD541F982F0}.Release|Any CPU.ActiveCfg = Release|Any CPU
		{0887F8F7-A7D5-46C9-88FB-CCD541F982F0}.Release|Any CPU.Build.0 = Release|Any CPU
	EndGlobalSection
	GlobalSection(SolutionProperties) = preSolution
		HideSolutionNode = FALSE
	EndGlobalSection
	GlobalSection(NestedProjects) = preSolution
		{0887F8F7-A7D5-46C9-88FB-CCD541F982F0} = {4E15EA8D-D8FE-440F-8309-977344BC54F1}
	EndGlobalSection
	GlobalSection(ExtensibilityGlobals) = postSolution
		SolutionGuid = {1C562833-821D-46EA-A82E-8724598E7004}
	EndGlobalSection
EndGlobal
