
Microsoft Visual Studio Solution File, Format Version 12.00
# Visual Studio 14
VisualStudioVersion = 14.0.25420.1
MinimumVisualStudioVersion = 10.0.40219.1
Project("{8BB2217D-0F2D-49D1-97BC-3654ED321F3B}") = "PullReqDashboard.API", "PullReqDashboard.API\PullReqDashboard.API\PullReqDashboard.API.xproj", "{8968EEE0-E3C8-444D-B7B2-3F37EFC76388}"
EndProject
Project("{8BB2217D-0F2D-49D1-97BC-3654ED321F3B}") = "PullReqDashboard.API.Tests", "PullReqDashboard.API\PullReqDashboard.API.Tests\PullReqDashboard.API.Tests.xproj", "{606D21C9-1B3D-479C-89AD-AFA71DF8E5A8}"
EndProject
Global
	GlobalSection(SolutionConfigurationPlatforms) = preSolution
		Debug|Any CPU = Debug|Any CPU
		Release|Any CPU = Release|Any CPU
	EndGlobalSection
	GlobalSection(ProjectConfigurationPlatforms) = postSolution
		{8968EEE0-E3C8-444D-B7B2-3F37EFC76388}.Debug|Any CPU.ActiveCfg = Debug|Any CPU
		{8968EEE0-E3C8-444D-B7B2-3F37EFC76388}.Debug|Any CPU.Build.0 = Debug|Any CPU
		{8968EEE0-E3C8-444D-B7B2-3F37EFC76388}.Release|Any CPU.ActiveCfg = Release|Any CPU
		{8968EEE0-E3C8-444D-B7B2-3F37EFC76388}.Release|Any CPU.Build.0 = Release|Any CPU
		{606D21C9-1B3D-479C-89AD-AFA71DF8E5A8}.Debug|Any CPU.ActiveCfg = Debug|Any CPU
		{606D21C9-1B3D-479C-89AD-AFA71DF8E5A8}.Debug|Any CPU.Build.0 = Debug|Any CPU
		{606D21C9-1B3D-479C-89AD-AFA71DF8E5A8}.Release|Any CPU.ActiveCfg = Release|Any CPU
		{606D21C9-1B3D-479C-89AD-AFA71DF8E5A8}.Release|Any CPU.Build.0 = Release|Any CPU
	EndGlobalSection
	GlobalSection(SolutionProperties) = preSolution
		HideSolutionNode = FALSE
	EndGlobalSection
EndGlobal
